
Microsoft Visual Studio Solution File, Format Version 12.00
# Visual Studio Version 17
VisualStudioVersion = 17.6.33829.357
MinimumVisualStudioVersion = 10.0.40219.1
Project("{FAE04EC0-301F-11D3-BF4B-00C04F79EFBC}") = "AplicacionWindows", "AplicacionWindows\AplicacionWindows.csproj", "{8B2D90D2-DFCC-484A-A1EA-43EC8D073DD4}"
EndProject
Global
	GlobalSection(SolutionConfigurationPlatforms) = preSolution
		Debug|Any CPU = Debug|Any CPU
		Release|Any CPU = Release|Any CPU
	EndGlobalSection
	GlobalSection(ProjectConfigurationPlatforms) = postSolution
		{8B2D90D2-DFCC-484A-A1EA-43EC8D073DD4}.Debug|Any CPU.ActiveCfg = Debug|Any CPU
		{8B2D90D2-DFCC-484A-A1EA-43EC8D073DD4}.Debug|Any CPU.Build.0 = Debug|Any CPU
		{8B2D90D2-DFCC-484A-A1EA-43EC8D073DD4}.Release|Any CPU.ActiveCfg = Release|Any CPU
		{8B2D90D2-DFCC-484A-A1EA-43EC8D073DD4}.Release|Any CPU.Build.0 = Release|Any CPU
	EndGlobalSection
	GlobalSection(SolutionProperties) = preSolution
		HideSolutionNode = FALSE
	EndGlobalSection
	GlobalSection(ExtensibilityGlobals) = postSolution
		SolutionGuid = {0A8D2B15-1BC0-4E27-AC5A-3200088692CA}
	EndGlobalSection
EndGlobal
